
Microsoft Visual Studio Solution File, Format Version 12.00
# Visual Studio 2015
Project("{FAE04EC0-301F-11D3-BF4B-00C04F79EFBC}") = "Graphics Assignment4", "Graphics Assignment4.csproj", "{DE414159-966E-85A9-6526-9724D6DB64DC}"
EndProject
Global
	GlobalSection(SolutionConfigurationPlatforms) = preSolution
		Debug|Any CPU = Debug|Any CPU
		Release|Any CPU = Release|Any CPU
	EndGlobalSection
	GlobalSection(ProjectConfigurationPlatforms) = postSolution
		{DE414159-966E-85A9-6526-9724D6DB64DC}.Debug|Any CPU.ActiveCfg = Debug|Any CPU
		{DE414159-966E-85A9-6526-9724D6DB64DC}.Debug|Any CPU.Build.0 = Debug|Any CPU
		{DE414159-966E-85A9-6526-9724D6DB64DC}.Release|Any CPU.ActiveCfg = Release|Any CPU
		{DE414159-966E-85A9-6526-9724D6DB64DC}.Release|Any CPU.Build.0 = Release|Any CPU
	EndGlobalSection
	GlobalSection(SolutionProperties) = preSolution
		HideSolutionNode = FALSE
	EndGlobalSection
EndGlobal
